
Microsoft Visual Studio Solution File, Format Version 12.00
# Visual Studio 15
VisualStudioVersion = 15.0.27428.2005
MinimumVisualStudioVersion = 10.0.40219.1
Project("{FAE04EC0-301F-11D3-BF4B-00C04F79EFBC}") = "ServiceChatApp(APIAI)", "ServiceChatApp(APIAI)\ServiceChatApp(APIAI).csproj", "{86FB3545-C7D1-45DE-9134-08E3B1A98E0B}"
EndProject
Global
	GlobalSection(SolutionConfigurationPlatforms) = preSolution
		Debug|Any CPU = Debug|Any CPU
		Release|Any CPU = Release|Any CPU
	EndGlobalSection
	GlobalSection(ProjectConfigurationPlatforms) = postSolution
		{86FB3545-C7D1-45DE-9134-08E3B1A98E0B}.Debug|Any CPU.ActiveCfg = Debug|Any CPU
		{86FB3545-C7D1-45DE-9134-08E3B1A98E0B}.Debug|Any CPU.Build.0 = Debug|Any CPU
		{86FB3545-C7D1-45DE-9134-08E3B1A98E0B}.Release|Any CPU.ActiveCfg = Release|Any CPU
		{86FB3545-C7D1-45DE-9134-08E3B1A98E0B}.Release|Any CPU.Build.0 = Release|Any CPU
	EndGlobalSection
	GlobalSection(SolutionProperties) = preSolution
		HideSolutionNode = FALSE
	EndGlobalSection
	GlobalSection(ExtensibilityGlobals) = postSolution
		SolutionGuid = {E8667BE1-A833-4BF5-9C7E-DD35F7CFF3F8}
	EndGlobalSection
EndGlobal
